// !$*UTF8*$!
{
	archiveVersion = 1;
	classes = {
	};
	objectVersion = 46;
	objects = {

/* Begin PBXBuildFile section */
		095D16321D057A21006F9150 /* AppDelegate.swift in Sources */ = {isa = PBXBuildFile; fileRef = 095D16311D057A21006F9150 /* AppDelegate.swift */; };
		095D16341D057A21006F9150 /* ViewController.swift in Sources */ = {isa = PBXBuildFile; fileRef = 095D16331D057A21006F9150 /* ViewController.swift */; };
		095D16371D057A21006F9150 /* Main.storyboard in Resources */ = {isa = PBXBuildFile; fileRef = 095D16351D057A21006F9150 /* Main.storyboard */; };
		095D16391D057A21006F9150 /* Assets.xcassets in Resources */ = {isa = PBXBuildFile; fileRef = 095D16381D057A21006F9150 /* Assets.xcassets */; };
		095D163C1D057A21006F9150 /* LaunchScreen.storyboard in Resources */ = {isa = PBXBuildFile; fileRef = 095D163A1D057A21006F9150 /* LaunchScreen.storyboard */; };
/* End PBXBuildFile section */

/* Begin PBXFileReference section */
		095D162E1D057A20006F9150 /* App_TableViewintro.app */ = {isa = PBXFileReference; explicitFileType = wrapper.application; includeInIndex = 0; path = App_TableViewintro.app; sourceTree = BUILT_PRODUCTS_DIR; };
		095D16311D057A21006F9150 /* AppDelegate.swift */ = {isa = PBXFileReference; lastKnownFileType = sourcecode.swift; path = AppDelegate.swift; sourceTree = "<group>"; };
		095D16331D057A21006F9150 /* ViewController.swift */ = {isa = PBXFileReference; lastKnownFileType = sourcecode.swift; path = ViewController.swift; sourceTree = "<group>"; };
		095D16361D057A21006F9150 /* Base */ = {isa = PBXFileReference; lastKnownFileType = file.storyboard; name = Base; path = Base.lproj/Main.storyboard; sourceTree = "<group>"; };
		095D16381D057A21006F9150 /* Assets.xcassets */ = {isa = PBXFileReference; lastKnownFileType = folder.assetcatalog; path = Assets.xcassets; sourceTree = "<group>"; };
		095D163B1D057A21006F9150 /* Base */ = {isa = PBXFileReference; lastKnownFileType = file.storyboard; name = Base; path = Base.lproj/LaunchScreen.storyboard; sourceTree = "<group>"; };
		095D163D1D057A21006F9150 /* Info.plist */ = {isa = PBXFileReference; lastKnownFileType = text.plist.xml; path = Info.plist; sourceTree = "<group>"; };
/* End PBXFileReference section */

/* Begin PBXFrameworksBuildPhase section */
		095D162B1D057A20006F9150 /* Frameworks */ = {
			isa = PBXFrameworksBuildPhase;
			buildActionMask = 2147483647;
			files = (
			);
			runOnlyForDeploymentPostprocessing = 0;
		};
/* End PBXFrameworksBuildPhase section */

/* Begin PBXGroup section */
		095D16251D057A20006F9150 = {
			isa = PBXGroup;
			children = (
				095D16301D057A21006F9150 /* App_TableViewintro */,
				095D162F1D057A20006F9150 /* Products */,
			);
			sourceTree = "<group>";
		};
		095D162F1D057A20006F9150 /* Products */ = {
			isa = PBXGroup;
			children = (
				095D162E1D057A20006F9150 /* App_TableViewintro.app */,
			);
			name = Products;
			sourceTree = "<group>";
		};
		095D16301D057A21006F9150 /* App_TableViewintro */ = {
			isa = PBXGroup;
			children = (
				095D16311D057A21006F9150 /* AppDelegate.swift */,
				095D16331D057A21006F9150 /* ViewController.swift */,
				095D16351D057A21006F9150 /* Main.storyboard */,
				095D16381D057A21006F9150 /* Assets.xcassets */,
				095D163A1D057A21006F9150 /* LaunchScreen.storyboard */,
				095D163D1D057A21006F9150 /* Info.plist */,
			);
			path = App_TableViewintro;
			sourceTree = "<group>";
		};
/* End PBXGroup section */

/* Begin PBXNativeTarget section */
		095D162D1D057A20006F9150 /* App_TableViewintro */ = {
			isa = PBXNativeTarget;
			buildConfigurationList = 095D16401D057A21006F9150 /* Build configuration list for PBXNativeTarget "App_TableViewintro" */;
			buildPhases = (
				095D162A1D057A20006F9150 /* Sources */,
				095D162B1D057A20006F9150 /* Frameworks */,
				095D162C1D057A20006F9150 /* Resources */,
			);
			buildRules = (
			);
			dependencies = (
			);
			name = App_TableViewintro;
			productName = App_TableViewintro;
			productReference = 095D162E1D057A20006F9150 /* App_TableViewintro.app */;
			productType = "com.apple.product-type.application";
		};
/* End PBXNativeTarget section */

/* Begin PBXProject section */
		095D16261D057A20006F9150 /* Project object */ = {
			isa = PBXProject;
			attributes = {
				LastSwiftUpdateCheck = 0730;
				LastUpgradeCheck = 0730;
				ORGANIZATIONNAME = Cice;
				TargetAttributes = {
					095D162D1D057A20006F9150 = {
						CreatedOnToolsVersion = 7.3;
					};
				};
			};
			buildConfigurationList = 095D16291D057A20006F9150 /* Build configuration list for PBXProject "App_TableViewintro" */;
			compatibilityVersion = "Xcode 3.2";
			developmentRegion = English;
			hasScannedForEncodings = 0;
			knownRegions = (
				en,
				Base,
			);
			mainGroup = 095D16251D057A20006F9150;
			productRefGroup = 095D162F1D057A20006F9150 /* Products */;
			projectDirPath = "";
			projectRoot = "";
			targets = (
				095D162D1D057A20006F9150 /* App_TableViewintro */,
			);
		};
/* End PBXProject section */

/* Begin PBXResourcesBuildPhase section */
		095D162C1D057A20006F9150 /* Resources */ = {
			isa = PBXResourcesBuildPhase;
			buildActionMask = 2147483647;
			files = (
				095D163C1D057A21006F9150 /* LaunchScreen.storyboard in Resources */,
				095D16391D057A21006F9150 /* Assets.xcassets in Resources */,
				095D16371D057A21006F9150 /* Main.storyboard in Resources */,
			);
			runOnlyForDeploymentPostprocessing = 0;
		};
/* End PBXResourcesBuildPhase section */

/* Begin PBXSourcesBuildPhase section */
		095D162A1D057A20006F9150 /* Sources */ = {
			isa = PBXSourcesBuildPhase;
			buildActionMask = 2147483647;
			files = (
				095D16341D057A21006F9150 /* ViewController.swift in Sources */,
				095D16321D057A21006F9150 /* AppDelegate.swift in Sources */,
			);
			runOnlyForDeploymentPostprocessing = 0;
		};
/* End PBXSourcesBuildPhase section */

/* Begin PBXVariantGroup section */
		095D16351D057A21006F9150 /* Main.storyboard */ = {
			isa = PBXVariantGroup;
			children = (
				095D16361D057A21006F9150 /* Base */,
			);
			name = Main.storyboard;
			sourceTree = "<group>";
		};
		095D163A1D057A21006F9150 /* LaunchScreen.storyboard */ = {
			isa = PBXVariantGroup;
			children = (
				095D163B1D057A21006F9150 /* Base */,
			);
			name = LaunchScreen.storyboard;
			sourceTree = "<group>";
		};
/* End PBXVariantGroup section */

/* Begin XCBuildConfiguration section */
		095D163E1D057A21006F9150 /* Debug */ = {
			isa = XCBuildConfiguration;
			buildSettings = {
				ALWAYS_SEARCH_USER_PATHS = NO;
				CLANG_ANALYZER_NONNULL = YES;
				CLANG_CXX_LANGUAGE_STANDARD = "gnu++0x";
				CLANG_CXX_LIBRARY = "libc++";
				CLANG_ENABLE_MODULES = YES;
				CLANG_ENABLE_OBJC_ARC = YES;
				CLANG_WARN_BOOL_CONVERSION = YES;
				CLANG_WARN_CONSTANT_CONVERSION = YES;
				CLANG_WARN_DIRECT_OBJC_ISA_USAGE = YES_ERROR;
				CLANG_WARN_EMPTY_BODY = YES;
				CLANG_WARN_ENUM_CONVERSION = YES;
				CLANG_WARN_INT_CONVERSION = YES;
				CLANG_WARN_OBJC_ROOT_CLASS = YES_ERROR;
				CLANG_WARN_UNREACHABLE_CODE = YES;
				CLANG_WARN__DUPLICATE_METHOD_MATCH = YES;
				"CODE_SIGN_IDENTITY[sdk=iphoneos*]" = "iPhone Developer";
				COPY_PHASE_STRIP = NO;
				DEBUG_INFORMATION_FORMAT = dwarf;
				ENABLE_STRICT_OBJC_MSGSEND = YES;
				ENABLE_TESTABILITY = YES;
				GCC_C_LANGUAGE_STANDARD = gnu99;
				GCC_DYNAMIC_NO_PIC = NO;
				GCC_NO_COMMON_BLOCKS = YES;
				GCC_OPTIMIZATION_LEVEL = 0;
				GCC_PREPROCESSOR_DEFINITIONS = (
					"DEBUG=1",
					"$(inherited)",
				);
				GCC_WARN_64_TO_32_BIT_CONVERSION = YES;
				GCC_WARN_ABOUT_RETURN_TYPE = YES_ERROR;
				GCC_WARN_UNDECLARED_SELECTOR = YES;
				GCC_WARN_UNINITIALIZED_AUTOS = YES_AGGRESSIVE;
				GCC_WARN_UNUSED_FUNCTION = YES;
				GCC_WARN_UNUSED_VARIABLE = YES;
				IPHONEOS_DEPLOYMENT_TARGET = 9.3;
				MTL_ENABLE_DEBUG_INFO = YES;
				ONLY_ACTIVE_ARCH = YES;
				SDKROOT = iphoneos;
				SWIFT_OPTIMIZATION_LEVEL = "-Onone";
			};
			name = Debug;
		};
		095D163F1D057A21006F9150 /* Release */ = {
			isa = XCBuildConfiguration;
			buildSettings = {
				ALWAYS_SEARCH_USER_PATHS = NO;
				CLANG_ANALYZER_NONNULL = YES;
				CLANG_CXX_LANGUAGE_STANDARD = "gnu++0x";
				CLANG_CXX_LIBRARY = "libc++";
				CLANG_ENABLE_MODULES = YES;
				CLANG_ENABLE_OBJC_ARC = YES;
				CLANG_WARN_BOOL_CONVERSION = YES;
				CLANG_WARN_CONSTANT_CONVERSION = YES;
				CLANG_WARN_DIRECT_OBJC_ISA_USAGE = YES_ERROR;
				CLANG_WARN_EMPTY_BODY = YES;
				CLANG_WARN_ENUM_CONVERSION = YES;
				CLANG_WARN_INT_CONVERSION = YES;
				CLANG_WARN_OBJC_ROOT_CLASS = YES_ERROR;
				CLANG_WARN_UNREACHABLE_CODE = YES;
				CLANG_WARN__DUPLICATE_METHOD_MATCH = YES;
				"CODE_SIGN_IDENTITY[sdk=iphoneos*]" = "iPhone Developer";
				COPY_PHASE_STRIP = NO;
				DEBUG_INFORMATION_FORMAT = "dwarf-with-dsym";
				ENABLE_NS_ASSERTIONS = NO;
				ENABLE_STRICT_OBJC_MSGSEND = YES;
				GCC_C_LANGUAGE_STANDARD = gnu99;
				GCC_NO_COMMON_BLOCKS = YES;
				GCC_WARN_64_TO_32_BIT_CONVERSION = YES;
				GCC_WARN_ABOUT_RETURN_TYPE = YES_ERROR;
				GCC_WARN_UNDECLARED_SELECTOR = YES;
				GCC_WARN_UNINITIALIZED_AUTOS = YES_AGGRESSIVE;
				GCC_WARN_UNUSED_FUNCTION = YES;
				GCC_WARN_UNUSED_VARIABLE = YES;
				IPHONEOS_DEPLOYMENT_TARGET = 9.3;
				MTL_ENABLE_DEBUG_INFO = NO;
				SDKROOT = iphoneos;
				VALIDATE_PRODUCT = YES;
			};
			name = Release;
		};
		095D16411D057A21006F9150 /* Debug */ = {
			isa = XCBuildConfiguration;
			buildSettings = {
				ASSETCATALOG_COMPILER_APPICON_NAME = AppIcon;
				INFOPLIST_FILE = App_TableViewintro/Info.plist;
				LD_RUNPATH_SEARCH_PATHS = "$(inherited) @executable_path/Frameworks";
				PRODUCT_BUNDLE_IDENTIFIER = rys.comAppTableView;
				PRODUCT_NAME = "$(TARGET_NAME)";
			};
			name = Debug;
		};
		095D16421D057A21006F9150 /* Release */ = {
			isa = XCBuildConfiguration;
			buildSettings = {
				ASSETCATALOG_COMPILER_APPICON_NAME = AppIcon;
				INFOPLIST_FILE = App_TableViewintro/Info.plist;
				LD_RUNPATH_SEARCH_PATHS = "$(inherited) @executable_path/Frameworks";
				PRODUCT_BUNDLE_IDENTIFIER = rys.comAppTableView;
				PRODUCT_NAME = "$(TARGET_NAME)";
			};
			name = Release;
		};
/* End XCBuildConfiguration section */

/* Begin XCConfigurationList section */
		095D16291D057A20006F9150 /* Build configuration list for PBXProject "App_TableViewintro" */ = {
			isa = XCConfigurationList;
			buildConfigurations = (
				095D163E1D057A21006F9150 /* Debug */,
				095D163F1D057A21006F9150 /* Release */,
			);
			defaultConfigurationIsVisible = 0;
			defaultConfigurationName = Release;
		};
		095D16401D057A21006F9150 /* Build configuration list for PBXNativeTarget "App_TableViewintro" */ = {
			isa = XCConfigurationList;
			buildConfigurations = (
				095D16411D057A21006F9150 /* Debug */,
				095D16421D057A21006F9150 /* Release */,
			);
			defaultConfigurationIsVisible = 0;
		};
/* End XCConfigurationList section */
	};
	rootObject = 095D16261D057A20006F9150 /* Project object */;
}
