// !$*UTF8*$!
{
	archiveVersion = 1;
	classes = {
	};
	objectVersion = 46;
	objects = {

/* Begin PBXBuildFile section */
		09ADADCE1D0EA61500B1573C /* AppDelegate.swift in Sources */ = {isa = PBXBuildFile; fileRef = 09ADADCD1D0EA61500B1573C /* AppDelegate.swift */; };
		09ADADD31D0EA61500B1573C /* Main.storyboard in Resources */ = {isa = PBXBuildFile; fileRef = 09ADADD11D0EA61500B1573C /* Main.storyboard */; };
		09ADADD51D0EA61500B1573C /* Assets.xcassets in Resources */ = {isa = PBXBuildFile; fileRef = 09ADADD41D0EA61500B1573C /* Assets.xcassets */; };
		09ADADD81D0EA61500B1573C /* LaunchScreen.storyboard in Resources */ = {isa = PBXBuildFile; fileRef = 09ADADD61D0EA61500B1573C /* LaunchScreen.storyboard */; };
		09ADADE31D0EA61500B1573C /* App_CustomCell1_0Tests.swift in Sources */ = {isa = PBXBuildFile; fileRef = 09ADADE21D0EA61500B1573C /* App_CustomCell1_0Tests.swift */; };
		09ADADEE1D0EA61500B1573C /* App_CustomCell1_0UITests.swift in Sources */ = {isa = PBXBuildFile; fileRef = 09ADADED1D0EA61500B1573C /* App_CustomCell1_0UITests.swift */; };
		09ADADFC1D0EA67D00B1573C /* RYSTableViewController.swift in Sources */ = {isa = PBXBuildFile; fileRef = 09ADADFB1D0EA67D00B1573C /* RYSTableViewController.swift */; };
		09ADADFF1D0EA6B300B1573C /* RYSCustomCell.swift in Sources */ = {isa = PBXBuildFile; fileRef = 09ADADFE1D0EA6B300B1573C /* RYSCustomCell.swift */; };
		09ADAE021D0EA6DA00B1573C /* Contactos.plist in Resources */ = {isa = PBXBuildFile; fileRef = 09ADAE011D0EA6DA00B1573C /* Contactos.plist */; };
		09ADAE041D0EB06200B1573C /* miranda.jpg in Resources */ = {isa = PBXBuildFile; fileRef = 09ADAE031D0EB06200B1573C /* miranda.jpg */; };
/* End PBXBuildFile section */

/* Begin PBXContainerItemProxy section */
		09ADADDF1D0EA61500B1573C /* PBXContainerItemProxy */ = {
			isa = PBXContainerItemProxy;
			containerPortal = 09ADADC21D0EA61500B1573C /* Project object */;
			proxyType = 1;
			remoteGlobalIDString = 09ADADC91D0EA61500B1573C;
			remoteInfo = App_CustomCell1.0;
		};
		09ADADEA1D0EA61500B1573C /* PBXContainerItemProxy */ = {
			isa = PBXContainerItemProxy;
			containerPortal = 09ADADC21D0EA61500B1573C /* Project object */;
			proxyType = 1;
			remoteGlobalIDString = 09ADADC91D0EA61500B1573C;
			remoteInfo = App_CustomCell1.0;
		};
/* End PBXContainerItemProxy section */

/* Begin PBXFileReference section */
		09ADADCA1D0EA61500B1573C /* App_CustomCell1.0.app */ = {isa = PBXFileReference; explicitFileType = wrapper.application; includeInIndex = 0; path = App_CustomCell1.0.app; sourceTree = BUILT_PRODUCTS_DIR; };
		09ADADCD1D0EA61500B1573C /* AppDelegate.swift */ = {isa = PBXFileReference; lastKnownFileType = sourcecode.swift; path = AppDelegate.swift; sourceTree = "<group>"; };
		09ADADD21D0EA61500B1573C /* Base */ = {isa = PBXFileReference; lastKnownFileType = file.storyboard; name = Base; path = Base.lproj/Main.storyboard; sourceTree = "<group>"; };
		09ADADD41D0EA61500B1573C /* Assets.xcassets */ = {isa = PBXFileReference; lastKnownFileType = folder.assetcatalog; path = Assets.xcassets; sourceTree = "<group>"; };
		09ADADD71D0EA61500B1573C /* Base */ = {isa = PBXFileReference; lastKnownFileType = file.storyboard; name = Base; path = Base.lproj/LaunchScreen.storyboard; sourceTree = "<group>"; };
		09ADADD91D0EA61500B1573C /* Info.plist */ = {isa = PBXFileReference; lastKnownFileType = text.plist.xml; path = Info.plist; sourceTree = "<group>"; };
		09ADADDE1D0EA61500B1573C /* App_CustomCell1.0Tests.xctest */ = {isa = PBXFileReference; explicitFileType = wrapper.cfbundle; includeInIndex = 0; path = App_CustomCell1.0Tests.xctest; sourceTree = BUILT_PRODUCTS_DIR; };
		09ADADE21D0EA61500B1573C /* App_CustomCell1_0Tests.swift */ = {isa = PBXFileReference; lastKnownFileType = sourcecode.swift; path = App_CustomCell1_0Tests.swift; sourceTree = "<group>"; };
		09ADADE41D0EA61500B1573C /* Info.plist */ = {isa = PBXFileReference; lastKnownFileType = text.plist.xml; path = Info.plist; sourceTree = "<group>"; };
		09ADADE91D0EA61500B1573C /* App_CustomCell1.0UITests.xctest */ = {isa = PBXFileReference; explicitFileType = wrapper.cfbundle; includeInIndex = 0; path = App_CustomCell1.0UITests.xctest; sourceTree = BUILT_PRODUCTS_DIR; };
		09ADADED1D0EA61500B1573C /* App_CustomCell1_0UITests.swift */ = {isa = PBXFileReference; lastKnownFileType = sourcecode.swift; path = App_CustomCell1_0UITests.swift; sourceTree = "<group>"; };
		09ADADEF1D0EA61500B1573C /* Info.plist */ = {isa = PBXFileReference; lastKnownFileType = text.plist.xml; path = Info.plist; sourceTree = "<group>"; };
		09ADADFB1D0EA67D00B1573C /* RYSTableViewController.swift */ = {isa = PBXFileReference; fileEncoding = 4; lastKnownFileType = sourcecode.swift; path = RYSTableViewController.swift; sourceTree = "<group>"; };
		09ADADFE1D0EA6B300B1573C /* RYSCustomCell.swift */ = {isa = PBXFileReference; fileEncoding = 4; lastKnownFileType = sourcecode.swift; path = RYSCustomCell.swift; sourceTree = "<group>"; };
		09ADAE011D0EA6DA00B1573C /* Contactos.plist */ = {isa = PBXFileReference; fileEncoding = 4; lastKnownFileType = text.plist.xml; path = Contactos.plist; sourceTree = "<group>"; };
		09ADAE031D0EB06200B1573C /* miranda.jpg */ = {isa = PBXFileReference; lastKnownFileType = image.jpeg; name = miranda.jpg; path = SRC/miranda.jpg; sourceTree = "<group>"; };
/* End PBXFileReference section */

/* Begin PBXFrameworksBuildPhase section */
		09ADADC71D0EA61500B1573C /* Frameworks */ = {
			isa = PBXFrameworksBuildPhase;
			buildActionMask = 2147483647;
			files = (
			);
			runOnlyForDeploymentPostprocessing = 0;
		};
		09ADADDB1D0EA61500B1573C /* Frameworks */ = {
			isa = PBXFrameworksBuildPhase;
			buildActionMask = 2147483647;
			files = (
			);
			runOnlyForDeploymentPostprocessing = 0;
		};
		09ADADE61D0EA61500B1573C /* Frameworks */ = {
			isa = PBXFrameworksBuildPhase;
			buildActionMask = 2147483647;
			files = (
			);
			runOnlyForDeploymentPostprocessing = 0;
		};
/* End PBXFrameworksBuildPhase section */

/* Begin PBXGroup section */
		09ADADC11D0EA61500B1573C = {
			isa = PBXGroup;
			children = (
				09ADAE031D0EB06200B1573C /* miranda.jpg */,
				09ADADCC1D0EA61500B1573C /* App_CustomCell1.0 */,
				09ADADE11D0EA61500B1573C /* App_CustomCell1.0Tests */,
				09ADADEC1D0EA61500B1573C /* App_CustomCell1.0UITests */,
				09ADADCB1D0EA61500B1573C /* Products */,
			);
			sourceTree = "<group>";
		};
		09ADADCB1D0EA61500B1573C /* Products */ = {
			isa = PBXGroup;
			children = (
				09ADADCA1D0EA61500B1573C /* App_CustomCell1.0.app */,
				09ADADDE1D0EA61500B1573C /* App_CustomCell1.0Tests.xctest */,
				09ADADE91D0EA61500B1573C /* App_CustomCell1.0UITests.xctest */,
			);
			name = Products;
			sourceTree = "<group>";
		};
		09ADADCC1D0EA61500B1573C /* App_CustomCell1.0 */ = {
			isa = PBXGroup;
			children = (
				09ADADCD1D0EA61500B1573C /* AppDelegate.swift */,
				09ADADD11D0EA61500B1573C /* Main.storyboard */,
				09ADAE001D0EA6B700B1573C /* CUSTOM CELL */,
				09ADADFD1D0EA68900B1573C /* Class */,
				09ADADD41D0EA61500B1573C /* Assets.xcassets */,
				09ADADD61D0EA61500B1573C /* LaunchScreen.storyboard */,
				09ADADD91D0EA61500B1573C /* Info.plist */,
				09ADAE011D0EA6DA00B1573C /* Contactos.plist */,
			);
			path = App_CustomCell1.0;
			sourceTree = "<group>";
		};
		09ADADE11D0EA61500B1573C /* App_CustomCell1.0Tests */ = {
			isa = PBXGroup;
			children = (
				09ADADE21D0EA61500B1573C /* App_CustomCell1_0Tests.swift */,
				09ADADE41D0EA61500B1573C /* Info.plist */,
			);
			path = App_CustomCell1.0Tests;
			sourceTree = "<group>";
		};
		09ADADEC1D0EA61500B1573C /* App_CustomCell1.0UITests */ = {
			isa = PBXGroup;
			children = (
				09ADADED1D0EA61500B1573C /* App_CustomCell1_0UITests.swift */,
				09ADADEF1D0EA61500B1573C /* Info.plist */,
			);
			path = App_CustomCell1.0UITests;
			sourceTree = "<group>";
		};
		09ADADFD1D0EA68900B1573C /* Class */ = {
			isa = PBXGroup;
			children = (
				09ADADFB1D0EA67D00B1573C /* RYSTableViewController.swift */,
			);
			name = Class;
			sourceTree = "<group>";
		};
		09ADAE001D0EA6B700B1573C /* CUSTOM CELL */ = {
			isa = PBXGroup;
			children = (
				09ADADFE1D0EA6B300B1573C /* RYSCustomCell.swift */,
			);
			name = "CUSTOM CELL";
			sourceTree = "<group>";
		};
/* End PBXGroup section */

/* Begin PBXNativeTarget section */
		09ADADC91D0EA61500B1573C /* App_CustomCell1.0 */ = {
			isa = PBXNativeTarget;
			buildConfigurationList = 09ADADF21D0EA61500B1573C /* Build configuration list for PBXNativeTarget "App_CustomCell1.0" */;
			buildPhases = (
				09ADADC61D0EA61500B1573C /* Sources */,
				09ADADC71D0EA61500B1573C /* Frameworks */,
				09ADADC81D0EA61500B1573C /* Resources */,
			);
			buildRules = (
			);
			dependencies = (
			);
			name = App_CustomCell1.0;
			productName = App_CustomCell1.0;
			productReference = 09ADADCA1D0EA61500B1573C /* App_CustomCell1.0.app */;
			productType = "com.apple.product-type.application";
		};
		09ADADDD1D0EA61500B1573C /* App_CustomCell1.0Tests */ = {
			isa = PBXNativeTarget;
			buildConfigurationList = 09ADADF51D0EA61500B1573C /* Build configuration list for PBXNativeTarget "App_CustomCell1.0Tests" */;
			buildPhases = (
				09ADADDA1D0EA61500B1573C /* Sources */,
				09ADADDB1D0EA61500B1573C /* Frameworks */,
				09ADADDC1D0EA61500B1573C /* Resources */,
			);
			buildRules = (
			);
			dependencies = (
				09ADADE01D0EA61500B1573C /* PBXTargetDependency */,
			);
			name = App_CustomCell1.0Tests;
			productName = App_CustomCell1.0Tests;
			productReference = 09ADADDE1D0EA61500B1573C /* App_CustomCell1.0Tests.xctest */;
			productType = "com.apple.product-type.bundle.unit-test";
		};
		09ADADE81D0EA61500B1573C /* App_CustomCell1.0UITests */ = {
			isa = PBXNativeTarget;
			buildConfigurationList = 09ADADF81D0EA61500B1573C /* Build configuration list for PBXNativeTarget "App_CustomCell1.0UITests" */;
			buildPhases = (
				09ADADE51D0EA61500B1573C /* Sources */,
				09ADADE61D0EA61500B1573C /* Frameworks */,
				09ADADE71D0EA61500B1573C /* Resources */,
			);
			buildRules = (
			);
			dependencies = (
				09ADADEB1D0EA61500B1573C /* PBXTargetDependency */,
			);
			name = App_CustomCell1.0UITests;
			productName = App_CustomCell1.0UITests;
			productReference = 09ADADE91D0EA61500B1573C /* App_CustomCell1.0UITests.xctest */;
			productType = "com.apple.product-type.bundle.ui-testing";
		};
/* End PBXNativeTarget section */

/* Begin PBXProject section */
		09ADADC21D0EA61500B1573C /* Project object */ = {
			isa = PBXProject;
			attributes = {
				LastSwiftUpdateCheck = 0730;
				LastUpgradeCheck = 0730;
				ORGANIZATIONNAME = rys;
				TargetAttributes = {
					09ADADC91D0EA61500B1573C = {
						CreatedOnToolsVersion = 7.3;
					};
					09ADADDD1D0EA61500B1573C = {
						CreatedOnToolsVersion = 7.3;
						TestTargetID = 09ADADC91D0EA61500B1573C;
					};
					09ADADE81D0EA61500B1573C = {
						CreatedOnToolsVersion = 7.3;
						TestTargetID = 09ADADC91D0EA61500B1573C;
					};
				};
			};
			buildConfigurationList = 09ADADC51D0EA61500B1573C /* Build configuration list for PBXProject "App_CustomCell1.0" */;
			compatibilityVersion = "Xcode 3.2";
			developmentRegion = English;
			hasScannedForEncodings = 0;
			knownRegions = (
				en,
				Base,
			);
			mainGroup = 09ADADC11D0EA61500B1573C;
			productRefGroup = 09ADADCB1D0EA61500B1573C /* Products */;
			projectDirPath = "";
			projectRoot = "";
			targets = (
				09ADADC91D0EA61500B1573C /* App_CustomCell1.0 */,
				09ADADDD1D0EA61500B1573C /* App_CustomCell1.0Tests */,
				09ADADE81D0EA61500B1573C /* App_CustomCell1.0UITests */,
			);
		};
/* End PBXProject section */

/* Begin PBXResourcesBuildPhase section */
		09ADADC81D0EA61500B1573C /* Resources */ = {
			isa = PBXResourcesBuildPhase;
			buildActionMask = 2147483647;
			files = (
				09ADADD81D0EA61500B1573C /* LaunchScreen.storyboard in Resources */,
				09ADAE041D0EB06200B1573C /* miranda.jpg in Resources */,
				09ADADD51D0EA61500B1573C /* Assets.xcassets in Resources */,
				09ADAE021D0EA6DA00B1573C /* Contactos.plist in Resources */,
				09ADADD31D0EA61500B1573C /* Main.storyboard in Resources */,
			);
			runOnlyForDeploymentPostprocessing = 0;
		};
		09ADADDC1D0EA61500B1573C /* Resources */ = {
			isa = PBXResourcesBuildPhase;
			buildActionMask = 2147483647;
			files = (
			);
			runOnlyForDeploymentPostprocessing = 0;
		};
		09ADADE71D0EA61500B1573C /* Resources */ = {
			isa = PBXResourcesBuildPhase;
			buildActionMask = 2147483647;
			files = (
			);
			runOnlyForDeploymentPostprocessing = 0;
		};
/* End PBXResourcesBuildPhase section */

/* Begin PBXSourcesBuildPhase section */
		09ADADC61D0EA61500B1573C /* Sources */ = {
			isa = PBXSourcesBuildPhase;
			buildActionMask = 2147483647;
			files = (
				09ADADFC1D0EA67D00B1573C /* RYSTableViewController.swift in Sources */,
				09ADADFF1D0EA6B300B1573C /* RYSCustomCell.swift in Sources */,
				09ADADCE1D0EA61500B1573C /* AppDelegate.swift in Sources */,
			);
			runOnlyForDeploymentPostprocessing = 0;
		};
		09ADADDA1D0EA61500B1573C /* Sources */ = {
			isa = PBXSourcesBuildPhase;
			buildActionMask = 2147483647;
			files = (
				09ADADE31D0EA61500B1573C /* App_CustomCell1_0Tests.swift in Sources */,
			);
			runOnlyForDeploymentPostprocessing = 0;
		};
		09ADADE51D0EA61500B1573C /* Sources */ = {
			isa = PBXSourcesBuildPhase;
			buildActionMask = 2147483647;
			files = (
				09ADADEE1D0EA61500B1573C /* App_CustomCell1_0UITests.swift in Sources */,
			);
			runOnlyForDeploymentPostprocessing = 0;
		};
/* End PBXSourcesBuildPhase section */

/* Begin PBXTargetDependency section */
		09ADADE01D0EA61500B1573C /* PBXTargetDependency */ = {
			isa = PBXTargetDependency;
			target = 09ADADC91D0EA61500B1573C /* App_CustomCell1.0 */;
			targetProxy = 09ADADDF1D0EA61500B1573C /* PBXContainerItemProxy */;
		};
		09ADADEB1D0EA61500B1573C /* PBXTargetDependency */ = {
			isa = PBXTargetDependency;
			target = 09ADADC91D0EA61500B1573C /* App_CustomCell1.0 */;
			targetProxy = 09ADADEA1D0EA61500B1573C /* PBXContainerItemProxy */;
		};
/* End PBXTargetDependency section */

/* Begin PBXVariantGroup section */
		09ADADD11D0EA61500B1573C /* Main.storyboard */ = {
			isa = PBXVariantGroup;
			children = (
				09ADADD21D0EA61500B1573C /* Base */,
			);
			name = Main.storyboard;
			sourceTree = "<group>";
		};
		09ADADD61D0EA61500B1573C /* LaunchScreen.storyboard */ = {
			isa = PBXVariantGroup;
			children = (
				09ADADD71D0EA61500B1573C /* Base */,
			);
			name = LaunchScreen.storyboard;
			sourceTree = "<group>";
		};
/* End PBXVariantGroup section */

/* Begin XCBuildConfiguration section */
		09ADADF01D0EA61500B1573C /* Debug */ = {
			isa = XCBuildConfiguration;
			buildSettings = {
				ALWAYS_SEARCH_USER_PATHS = NO;
				CLANG_ANALYZER_NONNULL = YES;
				CLANG_CXX_LANGUAGE_STANDARD = "gnu++0x";
				CLANG_CXX_LIBRARY = "libc++";
				CLANG_ENABLE_MODULES = YES;
				CLANG_ENABLE_OBJC_ARC = YES;
				CLANG_WARN_BOOL_CONVERSION = YES;
				CLANG_WARN_CONSTANT_CONVERSION = YES;
				CLANG_WARN_DIRECT_OBJC_ISA_USAGE = YES_ERROR;
				CLANG_WARN_EMPTY_BODY = YES;
				CLANG_WARN_ENUM_CONVERSION = YES;
				CLANG_WARN_INT_CONVERSION = YES;
				CLANG_WARN_OBJC_ROOT_CLASS = YES_ERROR;
				CLANG_WARN_UNREACHABLE_CODE = YES;
				CLANG_WARN__DUPLICATE_METHOD_MATCH = YES;
				"CODE_SIGN_IDENTITY[sdk=iphoneos*]" = "iPhone Developer";
				COPY_PHASE_STRIP = NO;
				DEBUG_INFORMATION_FORMAT = dwarf;
				ENABLE_STRICT_OBJC_MSGSEND = YES;
				ENABLE_TESTABILITY = YES;
				GCC_C_LANGUAGE_STANDARD = gnu99;
				GCC_DYNAMIC_NO_PIC = NO;
				GCC_NO_COMMON_BLOCKS = YES;
				GCC_OPTIMIZATION_LEVEL = 0;
				GCC_PREPROCESSOR_DEFINITIONS = (
					"DEBUG=1",
					"$(inherited)",
				);
				GCC_WARN_64_TO_32_BIT_CONVERSION = YES;
				GCC_WARN_ABOUT_RETURN_TYPE = YES_ERROR;
				GCC_WARN_UNDECLARED_SELECTOR = YES;
				GCC_WARN_UNINITIALIZED_AUTOS = YES_AGGRESSIVE;
				GCC_WARN_UNUSED_FUNCTION = YES;
				GCC_WARN_UNUSED_VARIABLE = YES;
				IPHONEOS_DEPLOYMENT_TARGET = 9.3;
				MTL_ENABLE_DEBUG_INFO = YES;
				ONLY_ACTIVE_ARCH = YES;
				SDKROOT = iphoneos;
				SWIFT_OPTIMIZATION_LEVEL = "-Onone";
			};
			name = Debug;
		};
		09ADADF11D0EA61500B1573C /* Release */ = {
			isa = XCBuildConfiguration;
			buildSettings = {
				ALWAYS_SEARCH_USER_PATHS = NO;
				CLANG_ANALYZER_NONNULL = YES;
				CLANG_CXX_LANGUAGE_STANDARD = "gnu++0x";
				CLANG_CXX_LIBRARY = "libc++";
				CLANG_ENABLE_MODULES = YES;
				CLANG_ENABLE_OBJC_ARC = YES;
				CLANG_WARN_BOOL_CONVERSION = YES;
				CLANG_WARN_CONSTANT_CONVERSION = YES;
				CLANG_WARN_DIRECT_OBJC_ISA_USAGE = YES_ERROR;
				CLANG_WARN_EMPTY_BODY = YES;
				CLANG_WARN_ENUM_CONVERSION = YES;
				CLANG_WARN_INT_CONVERSION = YES;
				CLANG_WARN_OBJC_ROOT_CLASS = YES_ERROR;
				CLANG_WARN_UNREACHABLE_CODE = YES;
				CLANG_WARN__DUPLICATE_METHOD_MATCH = YES;
				"CODE_SIGN_IDENTITY[sdk=iphoneos*]" = "iPhone Developer";
				COPY_PHASE_STRIP = NO;
				DEBUG_INFORMATION_FORMAT = "dwarf-with-dsym";
				ENABLE_NS_ASSERTIONS = NO;
				ENABLE_STRICT_OBJC_MSGSEND = YES;
				GCC_C_LANGUAGE_STANDARD = gnu99;
				GCC_NO_COMMON_BLOCKS = YES;
				GCC_WARN_64_TO_32_BIT_CONVERSION = YES;
				GCC_WARN_ABOUT_RETURN_TYPE = YES_ERROR;
				GCC_WARN_UNDECLARED_SELECTOR = YES;
				GCC_WARN_UNINITIALIZED_AUTOS = YES_AGGRESSIVE;
				GCC_WARN_UNUSED_FUNCTION = YES;
				GCC_WARN_UNUSED_VARIABLE = YES;
				IPHONEOS_DEPLOYMENT_TARGET = 9.3;
				MTL_ENABLE_DEBUG_INFO = NO;
				SDKROOT = iphoneos;
				VALIDATE_PRODUCT = YES;
			};
			name = Release;
		};
		09ADADF31D0EA61500B1573C /* Debug */ = {
			isa = XCBuildConfiguration;
			buildSettings = {
				ASSETCATALOG_COMPILER_APPICON_NAME = AppIcon;
				INFOPLIST_FILE = App_CustomCell1.0/Info.plist;
				LD_RUNPATH_SEARCH_PATHS = "$(inherited) @executable_path/Frameworks";
				PRODUCT_BUNDLE_IDENTIFIER = "com.rys.App-CustomCell1-0";
				PRODUCT_NAME = "$(TARGET_NAME)";
			};
			name = Debug;
		};
		09ADADF41D0EA61500B1573C /* Release */ = {
			isa = XCBuildConfiguration;
			buildSettings = {
				ASSETCATALOG_COMPILER_APPICON_NAME = AppIcon;
				INFOPLIST_FILE = App_CustomCell1.0/Info.plist;
				LD_RUNPATH_SEARCH_PATHS = "$(inherited) @executable_path/Frameworks";
				PRODUCT_BUNDLE_IDENTIFIER = "com.rys.App-CustomCell1-0";
				PRODUCT_NAME = "$(TARGET_NAME)";
			};
			name = Release;
		};
		09ADADF61D0EA61500B1573C /* Debug */ = {
			isa = XCBuildConfiguration;
			buildSettings = {
				BUNDLE_LOADER = "$(TEST_HOST)";
				INFOPLIST_FILE = App_CustomCell1.0Tests/Info.plist;
				LD_RUNPATH_SEARCH_PATHS = "$(inherited) @executable_path/Frameworks @loader_path/Frameworks";
				PRODUCT_BUNDLE_IDENTIFIER = "com.rys.App-CustomCell1-0Tests";
				PRODUCT_NAME = "$(TARGET_NAME)";
				TEST_HOST = "$(BUILT_PRODUCTS_DIR)/App_CustomCell1.0.app/App_CustomCell1.0";
			};
			name = Debug;
		};
		09ADADF71D0EA61500B1573C /* Release */ = {
			isa = XCBuildConfiguration;
			buildSettings = {
				BUNDLE_LOADER = "$(TEST_HOST)";
				INFOPLIST_FILE = App_CustomCell1.0Tests/Info.plist;
				LD_RUNPATH_SEARCH_PATHS = "$(inherited) @executable_path/Frameworks @loader_path/Frameworks";
				PRODUCT_BUNDLE_IDENTIFIER = "com.rys.App-CustomCell1-0Tests";
				PRODUCT_NAME = "$(TARGET_NAME)";
				TEST_HOST = "$(BUILT_PRODUCTS_DIR)/App_CustomCell1.0.app/App_CustomCell1.0";
			};
			name = Release;
		};
		09ADADF91D0EA61500B1573C /* Debug */ = {
			isa = XCBuildConfiguration;
			buildSettings = {
				INFOPLIST_FILE = App_CustomCell1.0UITests/Info.plist;
				LD_RUNPATH_SEARCH_PATHS = "$(inherited) @executable_path/Frameworks @loader_path/Frameworks";
				PRODUCT_BUNDLE_IDENTIFIER = "com.rys.App-CustomCell1-0UITests";
				PRODUCT_NAME = "$(TARGET_NAME)";
				TEST_TARGET_NAME = App_CustomCell1.0;
			};
			name = Debug;
		};
		09ADADFA1D0EA61500B1573C /* Release */ = {
			isa = XCBuildConfiguration;
			buildSettings = {
				INFOPLIST_FILE = App_CustomCell1.0UITests/Info.plist;
				LD_RUNPATH_SEARCH_PATHS = "$(inherited) @executable_path/Frameworks @loader_path/Frameworks";
				PRODUCT_BUNDLE_IDENTIFIER = "com.rys.App-CustomCell1-0UITests";
				PRODUCT_NAME = "$(TARGET_NAME)";
				TEST_TARGET_NAME = App_CustomCell1.0;
			};
			name = Release;
		};
/* End XCBuildConfiguration section */

/* Begin XCConfigurationList section */
		09ADADC51D0EA61500B1573C /* Build configuration list for PBXProject "App_CustomCell1.0" */ = {
			isa = XCConfigurationList;
			buildConfigurations = (
				09ADADF01D0EA61500B1573C /* Debug */,
				09ADADF11D0EA61500B1573C /* Release */,
			);
			defaultConfigurationIsVisible = 0;
			defaultConfigurationName = Release;
		};
		09ADADF21D0EA61500B1573C /* Build configuration list for PBXNativeTarget "App_CustomCell1.0" */ = {
			isa = XCConfigurationList;
			buildConfigurations = (
				09ADADF31D0EA61500B1573C /* Debug */,
				09ADADF41D0EA61500B1573C /* Release */,
			);
			defaultConfigurationIsVisible = 0;
		};
		09ADADF51D0EA61500B1573C /* Build configuration list for PBXNativeTarget "App_CustomCell1.0Tests" */ = {
			isa = XCConfigurationList;
			buildConfigurations = (
				09ADADF61D0EA61500B1573C /* Debug */,
				09ADADF71D0EA61500B1573C /* Release */,
			);
			defaultConfigurationIsVisible = 0;
		};
		09ADADF81D0EA61500B1573C /* Build configuration list for PBXNativeTarget "App_CustomCell1.0UITests" */ = {
			isa = XCConfigurationList;
			buildConfigurations = (
				09ADADF91D0EA61500B1573C /* Debug */,
				09ADADFA1D0EA61500B1573C /* Release */,
			);
			defaultConfigurationIsVisible = 0;
		};
/* End XCConfigurationList section */
	};
	rootObject = 09ADADC21D0EA61500B1573C /* Project object */;
}
