// !$*UTF8*$!
{
	archiveVersion = 1;
	classes = {
	};
	objectVersion = 46;
	objects = {

/* Begin PBXBuildFile section */
		091CAE151CF2F06C00B8C01B /* AppDelegate.swift in Sources */ = {isa = PBXBuildFile; fileRef = 091CAE141CF2F06C00B8C01B /* AppDelegate.swift */; };
		091CAE171CF2F06C00B8C01B /* ViewController.swift in Sources */ = {isa = PBXBuildFile; fileRef = 091CAE161CF2F06C00B8C01B /* ViewController.swift */; };
		091CAE1A1CF2F06C00B8C01B /* Main.storyboard in Resources */ = {isa = PBXBuildFile; fileRef = 091CAE181CF2F06C00B8C01B /* Main.storyboard */; };
		091CAE1C1CF2F06C00B8C01B /* Assets.xcassets in Resources */ = {isa = PBXBuildFile; fileRef = 091CAE1B1CF2F06C00B8C01B /* Assets.xcassets */; };
		091CAE1F1CF2F06C00B8C01B /* LaunchScreen.storyboard in Resources */ = {isa = PBXBuildFile; fileRef = 091CAE1D1CF2F06C00B8C01B /* LaunchScreen.storyboard */; };
		094A6F7A1CF307BF00F80DA4 /* RYDescripcionAPPViewController.swift in Sources */ = {isa = PBXBuildFile; fileRef = 094A6F791CF307BF00F80DA4 /* RYDescripcionAPPViewController.swift */; };
		0970FF551CFC1CFB00AEF0B3 /* Icon-29.png in Resources */ = {isa = PBXBuildFile; fileRef = 0970FF4C1CFC1CFB00AEF0B3 /* Icon-29.png */; };
		0970FF561CFC1CFB00AEF0B3 /* Icon-40.png in Resources */ = {isa = PBXBuildFile; fileRef = 0970FF4D1CFC1CFB00AEF0B3 /* Icon-40.png */; };
		0970FF571CFC1CFB00AEF0B3 /* Icon-58.png in Resources */ = {isa = PBXBuildFile; fileRef = 0970FF4E1CFC1CFB00AEF0B3 /* Icon-58.png */; };
		0970FF581CFC1CFB00AEF0B3 /* Icon-76.png in Resources */ = {isa = PBXBuildFile; fileRef = 0970FF4F1CFC1CFB00AEF0B3 /* Icon-76.png */; };
		0970FF591CFC1CFB00AEF0B3 /* Icon-80.png in Resources */ = {isa = PBXBuildFile; fileRef = 0970FF501CFC1CFB00AEF0B3 /* Icon-80.png */; };
		0970FF5A1CFC1CFB00AEF0B3 /* Icon-87.png in Resources */ = {isa = PBXBuildFile; fileRef = 0970FF511CFC1CFB00AEF0B3 /* Icon-87.png */; };
		0970FF5B1CFC1CFB00AEF0B3 /* Icon-120.png in Resources */ = {isa = PBXBuildFile; fileRef = 0970FF521CFC1CFB00AEF0B3 /* Icon-120.png */; };
		0970FF5C1CFC1CFB00AEF0B3 /* Icon-152.png in Resources */ = {isa = PBXBuildFile; fileRef = 0970FF531CFC1CFB00AEF0B3 /* Icon-152.png */; };
		0970FF5D1CFC1CFB00AEF0B3 /* Icon-180.png in Resources */ = {isa = PBXBuildFile; fileRef = 0970FF541CFC1CFB00AEF0B3 /* Icon-180.png */; };
		0970FF601CFC230600AEF0B3 /* icon-57.png in Resources */ = {isa = PBXBuildFile; fileRef = 0970FF5F1CFC230600AEF0B3 /* icon-57.png */; };
		0970FF621CFC230C00AEF0B3 /* Icon-114.png in Resources */ = {isa = PBXBuildFile; fileRef = 0970FF611CFC230C00AEF0B3 /* Icon-114.png */; };
		0970FF6E1CFC284500AEF0B3 /* Background-568h@2x.png in Resources */ = {isa = PBXBuildFile; fileRef = 0970FF631CFC284500AEF0B3 /* Background-568h@2x.png */; };
		0970FF6F1CFC284500AEF0B3 /* Background@2x.png in Resources */ = {isa = PBXBuildFile; fileRef = 0970FF641CFC284500AEF0B3 /* Background@2x.png */; };
		0970FF701CFC284500AEF0B3 /* Button-Highlighted@2x.png in Resources */ = {isa = PBXBuildFile; fileRef = 0970FF651CFC284500AEF0B3 /* Button-Highlighted@2x.png */; };
		0970FF711CFC284500AEF0B3 /* Button-Normal@2x.png in Resources */ = {isa = PBXBuildFile; fileRef = 0970FF661CFC284500AEF0B3 /* Button-Normal@2x.png */; };
		0970FF721CFC284500AEF0B3 /* InfoButton@2x.png in Resources */ = {isa = PBXBuildFile; fileRef = 0970FF671CFC284500AEF0B3 /* InfoButton@2x.png */; };
		0970FF731CFC284500AEF0B3 /* SliderThumb-Highlighted@2x.png in Resources */ = {isa = PBXBuildFile; fileRef = 0970FF681CFC284500AEF0B3 /* SliderThumb-Highlighted@2x.png */; };
		0970FF741CFC284500AEF0B3 /* SliderThumb-Normal@2x.png in Resources */ = {isa = PBXBuildFile; fileRef = 0970FF691CFC284500AEF0B3 /* SliderThumb-Normal@2x.png */; };
		0970FF751CFC284500AEF0B3 /* SliderTrackLeft@2x.png in Resources */ = {isa = PBXBuildFile; fileRef = 0970FF6A1CFC284500AEF0B3 /* SliderTrackLeft@2x.png */; };
		0970FF761CFC284500AEF0B3 /* SliderTrackRight@2x.png in Resources */ = {isa = PBXBuildFile; fileRef = 0970FF6B1CFC284500AEF0B3 /* SliderTrackRight@2x.png */; };
		0970FF771CFC284500AEF0B3 /* SmallButton@2x.png in Resources */ = {isa = PBXBuildFile; fileRef = 0970FF6C1CFC284500AEF0B3 /* SmallButton@2x.png */; };
		0970FF781CFC284500AEF0B3 /* StartOverIcon@2x.png in Resources */ = {isa = PBXBuildFile; fileRef = 0970FF6D1CFC284500AEF0B3 /* StartOverIcon@2x.png */; };
		098BE0401CF59C640080DEDC /* target.html in Resources */ = {isa = PBXBuildFile; fileRef = 098BE03F1CF59C640080DEDC /* target.html */; };
/* End PBXBuildFile section */

/* Begin PBXFileReference section */
		091CAE111CF2F06C00B8C01B /* RYSTARGET.app */ = {isa = PBXFileReference; explicitFileType = wrapper.application; includeInIndex = 0; path = RYSTARGET.app; sourceTree = BUILT_PRODUCTS_DIR; };
		091CAE141CF2F06C00B8C01B /* AppDelegate.swift */ = {isa = PBXFileReference; lastKnownFileType = sourcecode.swift; path = AppDelegate.swift; sourceTree = "<group>"; };
		091CAE161CF2F06C00B8C01B /* ViewController.swift */ = {isa = PBXFileReference; lastKnownFileType = sourcecode.swift; path = ViewController.swift; sourceTree = "<group>"; };
		091CAE191CF2F06C00B8C01B /* Base */ = {isa = PBXFileReference; lastKnownFileType = file.storyboard; name = Base; path = Base.lproj/Main.storyboard; sourceTree = "<group>"; };
		091CAE1B1CF2F06C00B8C01B /* Assets.xcassets */ = {isa = PBXFileReference; lastKnownFileType = folder.assetcatalog; path = Assets.xcassets; sourceTree = "<group>"; };
		091CAE1E1CF2F06C00B8C01B /* Base */ = {isa = PBXFileReference; lastKnownFileType = file.storyboard; name = Base; path = Base.lproj/LaunchScreen.storyboard; sourceTree = "<group>"; };
		091CAE201CF2F06C00B8C01B /* Info.plist */ = {isa = PBXFileReference; lastKnownFileType = text.plist.xml; path = Info.plist; sourceTree = "<group>"; };
		094A6F791CF307BF00F80DA4 /* RYDescripcionAPPViewController.swift */ = {isa = PBXFileReference; fileEncoding = 4; lastKnownFileType = sourcecode.swift; path = RYDescripcionAPPViewController.swift; sourceTree = "<group>"; };
		0970FF4C1CFC1CFB00AEF0B3 /* Icon-29.png */ = {isa = PBXFileReference; lastKnownFileType = image.png; path = "Icon-29.png"; sourceTree = "<group>"; };
		0970FF4D1CFC1CFB00AEF0B3 /* Icon-40.png */ = {isa = PBXFileReference; lastKnownFileType = image.png; path = "Icon-40.png"; sourceTree = "<group>"; };
		0970FF4E1CFC1CFB00AEF0B3 /* Icon-58.png */ = {isa = PBXFileReference; lastKnownFileType = image.png; path = "Icon-58.png"; sourceTree = "<group>"; };
		0970FF4F1CFC1CFB00AEF0B3 /* Icon-76.png */ = {isa = PBXFileReference; lastKnownFileType = image.png; path = "Icon-76.png"; sourceTree = "<group>"; };
		0970FF501CFC1CFB00AEF0B3 /* Icon-80.png */ = {isa = PBXFileReference; lastKnownFileType = image.png; path = "Icon-80.png"; sourceTree = "<group>"; };
		0970FF511CFC1CFB00AEF0B3 /* Icon-87.png */ = {isa = PBXFileReference; lastKnownFileType = image.png; path = "Icon-87.png"; sourceTree = "<group>"; };
		0970FF521CFC1CFB00AEF0B3 /* Icon-120.png */ = {isa = PBXFileReference; lastKnownFileType = image.png; path = "Icon-120.png"; sourceTree = "<group>"; };
		0970FF531CFC1CFB00AEF0B3 /* Icon-152.png */ = {isa = PBXFileReference; lastKnownFileType = image.png; path = "Icon-152.png"; sourceTree = "<group>"; };
		0970FF541CFC1CFB00AEF0B3 /* Icon-180.png */ = {isa = PBXFileReference; lastKnownFileType = image.png; path = "Icon-180.png"; sourceTree = "<group>"; };
		0970FF5F1CFC230600AEF0B3 /* icon-57.png */ = {isa = PBXFileReference; lastKnownFileType = image.png; path = "icon-57.png"; sourceTree = "<group>"; };
		0970FF611CFC230C00AEF0B3 /* Icon-114.png */ = {isa = PBXFileReference; lastKnownFileType = image.png; path = "Icon-114.png"; sourceTree = "<group>"; };
		0970FF631CFC284500AEF0B3 /* Background-568h@2x.png */ = {isa = PBXFileReference; lastKnownFileType = image.png; path = "Background-568h@2x.png"; sourceTree = "<group>"; };
		0970FF641CFC284500AEF0B3 /* Background@2x.png */ = {isa = PBXFileReference; lastKnownFileType = image.png; path = "Background@2x.png"; sourceTree = "<group>"; };
		0970FF651CFC284500AEF0B3 /* Button-Highlighted@2x.png */ = {isa = PBXFileReference; lastKnownFileType = image.png; path = "Button-Highlighted@2x.png"; sourceTree = "<group>"; };
		0970FF661CFC284500AEF0B3 /* Button-Normal@2x.png */ = {isa = PBXFileReference; lastKnownFileType = image.png; path = "Button-Normal@2x.png"; sourceTree = "<group>"; };
		0970FF671CFC284500AEF0B3 /* InfoButton@2x.png */ = {isa = PBXFileReference; lastKnownFileType = image.png; path = "InfoButton@2x.png"; sourceTree = "<group>"; };
		0970FF681CFC284500AEF0B3 /* SliderThumb-Highlighted@2x.png */ = {isa = PBXFileReference; lastKnownFileType = image.png; path = "SliderThumb-Highlighted@2x.png"; sourceTree = "<group>"; };
		0970FF691CFC284500AEF0B3 /* SliderThumb-Normal@2x.png */ = {isa = PBXFileReference; lastKnownFileType = image.png; path = "SliderThumb-Normal@2x.png"; sourceTree = "<group>"; };
		0970FF6A1CFC284500AEF0B3 /* SliderTrackLeft@2x.png */ = {isa = PBXFileReference; lastKnownFileType = image.png; path = "SliderTrackLeft@2x.png"; sourceTree = "<group>"; };
		0970FF6B1CFC284500AEF0B3 /* SliderTrackRight@2x.png */ = {isa = PBXFileReference; lastKnownFileType = image.png; path = "SliderTrackRight@2x.png"; sourceTree = "<group>"; };
		0970FF6C1CFC284500AEF0B3 /* SmallButton@2x.png */ = {isa = PBXFileReference; lastKnownFileType = image.png; path = "SmallButton@2x.png"; sourceTree = "<group>"; };
		0970FF6D1CFC284500AEF0B3 /* StartOverIcon@2x.png */ = {isa = PBXFileReference; lastKnownFileType = image.png; path = "StartOverIcon@2x.png"; sourceTree = "<group>"; };
		098BE03F1CF59C640080DEDC /* target.html */ = {isa = PBXFileReference; fileEncoding = 4; lastKnownFileType = text.html; path = target.html; sourceTree = "<group>"; };
/* End PBXFileReference section */

/* Begin PBXFrameworksBuildPhase section */
		091CAE0E1CF2F06C00B8C01B /* Frameworks */ = {
			isa = PBXFrameworksBuildPhase;
			buildActionMask = 2147483647;
			files = (
			);
			runOnlyForDeploymentPostprocessing = 0;
		};
/* End PBXFrameworksBuildPhase section */

/* Begin PBXGroup section */
		091CAE081CF2F06C00B8C01B = {
			isa = PBXGroup;
			children = (
				091CAE131CF2F06C00B8C01B /* RYSTARGET */,
				091CAE121CF2F06C00B8C01B /* Products */,
			);
			sourceTree = "<group>";
		};
		091CAE121CF2F06C00B8C01B /* Products */ = {
			isa = PBXGroup;
			children = (
				091CAE111CF2F06C00B8C01B /* RYSTARGET.app */,
			);
			name = Products;
			sourceTree = "<group>";
		};
		091CAE131CF2F06C00B8C01B /* RYSTARGET */ = {
			isa = PBXGroup;
			children = (
				0970FF791CFC284B00AEF0B3 /* IMAGES */,
				0970FF5E1CFC1D1E00AEF0B3 /* ICONOS */,
				091CAE141CF2F06C00B8C01B /* AppDelegate.swift */,
				091CAE161CF2F06C00B8C01B /* ViewController.swift */,
				094A6F791CF307BF00F80DA4 /* RYDescripcionAPPViewController.swift */,
				098BE03F1CF59C640080DEDC /* target.html */,
				091CAE181CF2F06C00B8C01B /* Main.storyboard */,
				091CAE1B1CF2F06C00B8C01B /* Assets.xcassets */,
				091CAE1D1CF2F06C00B8C01B /* LaunchScreen.storyboard */,
				091CAE201CF2F06C00B8C01B /* Info.plist */,
			);
			path = RYSTARGET;
			sourceTree = "<group>";
		};
		0970FF5E1CFC1D1E00AEF0B3 /* ICONOS */ = {
			isa = PBXGroup;
			children = (
				0970FF4C1CFC1CFB00AEF0B3 /* Icon-29.png */,
				0970FF611CFC230C00AEF0B3 /* Icon-114.png */,
				0970FF5F1CFC230600AEF0B3 /* icon-57.png */,
				0970FF4D1CFC1CFB00AEF0B3 /* Icon-40.png */,
				0970FF4E1CFC1CFB00AEF0B3 /* Icon-58.png */,
				0970FF4F1CFC1CFB00AEF0B3 /* Icon-76.png */,
				0970FF501CFC1CFB00AEF0B3 /* Icon-80.png */,
				0970FF511CFC1CFB00AEF0B3 /* Icon-87.png */,
				0970FF521CFC1CFB00AEF0B3 /* Icon-120.png */,
				0970FF531CFC1CFB00AEF0B3 /* Icon-152.png */,
				0970FF541CFC1CFB00AEF0B3 /* Icon-180.png */,
			);
			name = ICONOS;
			sourceTree = "<group>";
		};
		0970FF791CFC284B00AEF0B3 /* IMAGES */ = {
			isa = PBXGroup;
			children = (
				0970FF631CFC284500AEF0B3 /* Background-568h@2x.png */,
				0970FF641CFC284500AEF0B3 /* Background@2x.png */,
				0970FF651CFC284500AEF0B3 /* Button-Highlighted@2x.png */,
				0970FF661CFC284500AEF0B3 /* Button-Normal@2x.png */,
				0970FF671CFC284500AEF0B3 /* InfoButton@2x.png */,
				0970FF681CFC284500AEF0B3 /* SliderThumb-Highlighted@2x.png */,
				0970FF691CFC284500AEF0B3 /* SliderThumb-Normal@2x.png */,
				0970FF6A1CFC284500AEF0B3 /* SliderTrackLeft@2x.png */,
				0970FF6B1CFC284500AEF0B3 /* SliderTrackRight@2x.png */,
				0970FF6C1CFC284500AEF0B3 /* SmallButton@2x.png */,
				0970FF6D1CFC284500AEF0B3 /* StartOverIcon@2x.png */,
			);
			name = IMAGES;
			sourceTree = "<group>";
		};
/* End PBXGroup section */

/* Begin PBXNativeTarget section */
		091CAE101CF2F06C00B8C01B /* RYSTARGET */ = {
			isa = PBXNativeTarget;
			buildConfigurationList = 091CAE231CF2F06C00B8C01B /* Build configuration list for PBXNativeTarget "RYSTARGET" */;
			buildPhases = (
				091CAE0D1CF2F06C00B8C01B /* Sources */,
				091CAE0E1CF2F06C00B8C01B /* Frameworks */,
				091CAE0F1CF2F06C00B8C01B /* Resources */,
			);
			buildRules = (
			);
			dependencies = (
			);
			name = RYSTARGET;
			productName = RYSTARGET;
			productReference = 091CAE111CF2F06C00B8C01B /* RYSTARGET.app */;
			productType = "com.apple.product-type.application";
		};
/* End PBXNativeTarget section */

/* Begin PBXProject section */
		091CAE091CF2F06C00B8C01B /* Project object */ = {
			isa = PBXProject;
			attributes = {
				LastSwiftUpdateCheck = 0730;
				LastUpgradeCheck = 0730;
				ORGANIZATIONNAME = Cice;
				TargetAttributes = {
					091CAE101CF2F06C00B8C01B = {
						CreatedOnToolsVersion = 7.3;
						DevelopmentTeam = SR3C64C5NX;
					};
				};
			};
			buildConfigurationList = 091CAE0C1CF2F06C00B8C01B /* Build configuration list for PBXProject "RYSTARGET" */;
			compatibilityVersion = "Xcode 3.2";
			developmentRegion = English;
			hasScannedForEncodings = 0;
			knownRegions = (
				en,
				Base,
			);
			mainGroup = 091CAE081CF2F06C00B8C01B;
			productRefGroup = 091CAE121CF2F06C00B8C01B /* Products */;
			projectDirPath = "";
			projectRoot = "";
			targets = (
				091CAE101CF2F06C00B8C01B /* RYSTARGET */,
			);
		};
/* End PBXProject section */

/* Begin PBXResourcesBuildPhase section */
		091CAE0F1CF2F06C00B8C01B /* Resources */ = {
			isa = PBXResourcesBuildPhase;
			buildActionMask = 2147483647;
			files = (
				0970FF601CFC230600AEF0B3 /* icon-57.png in Resources */,
				0970FF571CFC1CFB00AEF0B3 /* Icon-58.png in Resources */,
				0970FF781CFC284500AEF0B3 /* StartOverIcon@2x.png in Resources */,
				0970FF5C1CFC1CFB00AEF0B3 /* Icon-152.png in Resources */,
				0970FF5B1CFC1CFB00AEF0B3 /* Icon-120.png in Resources */,
				0970FF701CFC284500AEF0B3 /* Button-Highlighted@2x.png in Resources */,
				0970FF5D1CFC1CFB00AEF0B3 /* Icon-180.png in Resources */,
				0970FF6F1CFC284500AEF0B3 /* Background@2x.png in Resources */,
				0970FF751CFC284500AEF0B3 /* SliderTrackLeft@2x.png in Resources */,
				0970FF731CFC284500AEF0B3 /* SliderThumb-Highlighted@2x.png in Resources */,
				0970FF581CFC1CFB00AEF0B3 /* Icon-76.png in Resources */,
				0970FF761CFC284500AEF0B3 /* SliderTrackRight@2x.png in Resources */,
				0970FF591CFC1CFB00AEF0B3 /* Icon-80.png in Resources */,
				091CAE1F1CF2F06C00B8C01B /* LaunchScreen.storyboard in Resources */,
				0970FF721CFC284500AEF0B3 /* InfoButton@2x.png in Resources */,
				098BE0401CF59C640080DEDC /* target.html in Resources */,
				0970FF561CFC1CFB00AEF0B3 /* Icon-40.png in Resources */,
				091CAE1C1CF2F06C00B8C01B /* Assets.xcassets in Resources */,
				0970FF6E1CFC284500AEF0B3 /* Background-568h@2x.png in Resources */,
				0970FF771CFC284500AEF0B3 /* SmallButton@2x.png in Resources */,
				091CAE1A1CF2F06C00B8C01B /* Main.storyboard in Resources */,
				0970FF551CFC1CFB00AEF0B3 /* Icon-29.png in Resources */,
				0970FF621CFC230C00AEF0B3 /* Icon-114.png in Resources */,
				0970FF741CFC284500AEF0B3 /* SliderThumb-Normal@2x.png in Resources */,
				0970FF711CFC284500AEF0B3 /* Button-Normal@2x.png in Resources */,
				0970FF5A1CFC1CFB00AEF0B3 /* Icon-87.png in Resources */,
			);
			runOnlyForDeploymentPostprocessing = 0;
		};
/* End PBXResourcesBuildPhase section */

/* Begin PBXSourcesBuildPhase section */
		091CAE0D1CF2F06C00B8C01B /* Sources */ = {
			isa = PBXSourcesBuildPhase;
			buildActionMask = 2147483647;
			files = (
				094A6F7A1CF307BF00F80DA4 /* RYDescripcionAPPViewController.swift in Sources */,
				091CAE171CF2F06C00B8C01B /* ViewController.swift in Sources */,
				091CAE151CF2F06C00B8C01B /* AppDelegate.swift in Sources */,
			);
			runOnlyForDeploymentPostprocessing = 0;
		};
/* End PBXSourcesBuildPhase section */

/* Begin PBXVariantGroup section */
		091CAE181CF2F06C00B8C01B /* Main.storyboard */ = {
			isa = PBXVariantGroup;
			children = (
				091CAE191CF2F06C00B8C01B /* Base */,
			);
			name = Main.storyboard;
			sourceTree = "<group>";
		};
		091CAE1D1CF2F06C00B8C01B /* LaunchScreen.storyboard */ = {
			isa = PBXVariantGroup;
			children = (
				091CAE1E1CF2F06C00B8C01B /* Base */,
			);
			name = LaunchScreen.storyboard;
			sourceTree = "<group>";
		};
/* End PBXVariantGroup section */

/* Begin XCBuildConfiguration section */
		091CAE211CF2F06C00B8C01B /* Debug */ = {
			isa = XCBuildConfiguration;
			buildSettings = {
				ALWAYS_SEARCH_USER_PATHS = NO;
				CLANG_ANALYZER_NONNULL = YES;
				CLANG_CXX_LANGUAGE_STANDARD = "gnu++0x";
				CLANG_CXX_LIBRARY = "libc++";
				CLANG_ENABLE_MODULES = YES;
				CLANG_ENABLE_OBJC_ARC = YES;
				CLANG_WARN_BOOL_CONVERSION = YES;
				CLANG_WARN_CONSTANT_CONVERSION = YES;
				CLANG_WARN_DIRECT_OBJC_ISA_USAGE = YES_ERROR;
				CLANG_WARN_EMPTY_BODY = YES;
				CLANG_WARN_ENUM_CONVERSION = YES;
				CLANG_WARN_INT_CONVERSION = YES;
				CLANG_WARN_OBJC_ROOT_CLASS = YES_ERROR;
				CLANG_WARN_UNREACHABLE_CODE = YES;
				CLANG_WARN__DUPLICATE_METHOD_MATCH = YES;
				CODE_SIGN_IDENTITY = "iPhone Developer";
				"CODE_SIGN_IDENTITY[sdk=iphoneos*]" = "iPhone Developer";
				COPY_PHASE_STRIP = NO;
				DEBUG_INFORMATION_FORMAT = dwarf;
				EMBEDDED_CONTENT_CONTAINS_SWIFT = NO;
				ENABLE_BITCODE = YES;
				ENABLE_STRICT_OBJC_MSGSEND = YES;
				ENABLE_TESTABILITY = YES;
				GCC_C_LANGUAGE_STANDARD = gnu99;
				GCC_DYNAMIC_NO_PIC = NO;
				GCC_NO_COMMON_BLOCKS = YES;
				GCC_OPTIMIZATION_LEVEL = 0;
				GCC_PREPROCESSOR_DEFINITIONS = (
					"DEBUG=1",
					"$(inherited)",
				);
				GCC_WARN_64_TO_32_BIT_CONVERSION = YES;
				GCC_WARN_ABOUT_RETURN_TYPE = YES_ERROR;
				GCC_WARN_UNDECLARED_SELECTOR = YES;
				GCC_WARN_UNINITIALIZED_AUTOS = YES_AGGRESSIVE;
				GCC_WARN_UNUSED_FUNCTION = YES;
				GCC_WARN_UNUSED_VARIABLE = YES;
				IPHONEOS_DEPLOYMENT_TARGET = 9.3;
				MTL_ENABLE_DEBUG_INFO = YES;
				ONLY_ACTIVE_ARCH = YES;
				PROVISIONING_PROFILE = "";
				SDKROOT = iphoneos;
				SWIFT_OPTIMIZATION_LEVEL = "-Onone";
			};
			name = Debug;
		};
		091CAE221CF2F06C00B8C01B /* Release */ = {
			isa = XCBuildConfiguration;
			buildSettings = {
				ALWAYS_SEARCH_USER_PATHS = NO;
				CLANG_ANALYZER_NONNULL = YES;
				CLANG_CXX_LANGUAGE_STANDARD = "gnu++0x";
				CLANG_CXX_LIBRARY = "libc++";
				CLANG_ENABLE_MODULES = YES;
				CLANG_ENABLE_OBJC_ARC = YES;
				CLANG_WARN_BOOL_CONVERSION = YES;
				CLANG_WARN_CONSTANT_CONVERSION = YES;
				CLANG_WARN_DIRECT_OBJC_ISA_USAGE = YES_ERROR;
				CLANG_WARN_EMPTY_BODY = YES;
				CLANG_WARN_ENUM_CONVERSION = YES;
				CLANG_WARN_INT_CONVERSION = YES;
				CLANG_WARN_OBJC_ROOT_CLASS = YES_ERROR;
				CLANG_WARN_UNREACHABLE_CODE = YES;
				CLANG_WARN__DUPLICATE_METHOD_MATCH = YES;
				CODE_SIGN_IDENTITY = "iPhone Developer";
				"CODE_SIGN_IDENTITY[sdk=iphoneos*]" = "iPhone Developer";
				COPY_PHASE_STRIP = NO;
				DEBUG_INFORMATION_FORMAT = "dwarf-with-dsym";
				EMBEDDED_CONTENT_CONTAINS_SWIFT = NO;
				ENABLE_BITCODE = YES;
				ENABLE_NS_ASSERTIONS = NO;
				ENABLE_STRICT_OBJC_MSGSEND = YES;
				GCC_C_LANGUAGE_STANDARD = gnu99;
				GCC_NO_COMMON_BLOCKS = YES;
				GCC_WARN_64_TO_32_BIT_CONVERSION = YES;
				GCC_WARN_ABOUT_RETURN_TYPE = YES_ERROR;
				GCC_WARN_UNDECLARED_SELECTOR = YES;
				GCC_WARN_UNINITIALIZED_AUTOS = YES_AGGRESSIVE;
				GCC_WARN_UNUSED_FUNCTION = YES;
				GCC_WARN_UNUSED_VARIABLE = YES;
				IPHONEOS_DEPLOYMENT_TARGET = 9.3;
				MTL_ENABLE_DEBUG_INFO = NO;
				PROVISIONING_PROFILE = "";
				SDKROOT = iphoneos;
				VALIDATE_PRODUCT = YES;
			};
			name = Release;
		};
		091CAE241CF2F06C00B8C01B /* Debug */ = {
			isa = XCBuildConfiguration;
			buildSettings = {
				ASSETCATALOG_COMPILER_APPICON_NAME = AppIcon;
				CODE_SIGN_IDENTITY = "iPhone Developer";
				"CODE_SIGN_IDENTITY[sdk=iphoneos*]" = "iPhone Developer";
				EMBEDDED_CONTENT_CONTAINS_SWIFT = NO;
				ENABLE_BITCODE = YES;
				INFOPLIST_FILE = RYSTARGET/Info.plist;
				LD_RUNPATH_SEARCH_PATHS = "$(inherited) @executable_path/Frameworks";
				PRODUCT_BUNDLE_IDENTIFIER = es.cice.RYSTARGET;
				PRODUCT_NAME = RYSTARGET;
				PROVISIONING_PROFILE = "";
			};
			name = Debug;
		};
		091CAE251CF2F06C00B8C01B /* Release */ = {
			isa = XCBuildConfiguration;
			buildSettings = {
				ASSETCATALOG_COMPILER_APPICON_NAME = AppIcon;
				CODE_SIGN_IDENTITY = "iPhone Developer";
				"CODE_SIGN_IDENTITY[sdk=iphoneos*]" = "iPhone Developer";
				EMBEDDED_CONTENT_CONTAINS_SWIFT = NO;
				ENABLE_BITCODE = YES;
				INFOPLIST_FILE = RYSTARGET/Info.plist;
				LD_RUNPATH_SEARCH_PATHS = "$(inherited) @executable_path/Frameworks";
				PRODUCT_BUNDLE_IDENTIFIER = es.cice.RYSTARGET;
				PRODUCT_NAME = RYSTARGET;
				PROVISIONING_PROFILE = "";
			};
			name = Release;
		};
		0970FF7A1CFC47EA00AEF0B3 /* Distribution */ = {
			isa = XCBuildConfiguration;
			buildSettings = {
				ALWAYS_SEARCH_USER_PATHS = NO;
				CLANG_ANALYZER_NONNULL = YES;
				CLANG_CXX_LANGUAGE_STANDARD = "gnu++0x";
				CLANG_CXX_LIBRARY = "libc++";
				CLANG_ENABLE_MODULES = YES;
				CLANG_ENABLE_OBJC_ARC = YES;
				CLANG_WARN_BOOL_CONVERSION = YES;
				CLANG_WARN_CONSTANT_CONVERSION = YES;
				CLANG_WARN_DIRECT_OBJC_ISA_USAGE = YES_ERROR;
				CLANG_WARN_EMPTY_BODY = YES;
				CLANG_WARN_ENUM_CONVERSION = YES;
				CLANG_WARN_INT_CONVERSION = YES;
				CLANG_WARN_OBJC_ROOT_CLASS = YES_ERROR;
				CLANG_WARN_UNREACHABLE_CODE = YES;
				CLANG_WARN__DUPLICATE_METHOD_MATCH = YES;
				CODE_SIGN_IDENTITY = "iPhone Developer";
				"CODE_SIGN_IDENTITY[sdk=iphoneos*]" = "iPhone Developer";
				COPY_PHASE_STRIP = NO;
				DEBUG_INFORMATION_FORMAT = "dwarf-with-dsym";
				EMBEDDED_CONTENT_CONTAINS_SWIFT = NO;
				ENABLE_BITCODE = YES;
				ENABLE_NS_ASSERTIONS = NO;
				ENABLE_STRICT_OBJC_MSGSEND = YES;
				GCC_C_LANGUAGE_STANDARD = gnu99;
				GCC_NO_COMMON_BLOCKS = YES;
				GCC_WARN_64_TO_32_BIT_CONVERSION = YES;
				GCC_WARN_ABOUT_RETURN_TYPE = YES_ERROR;
				GCC_WARN_UNDECLARED_SELECTOR = YES;
				GCC_WARN_UNINITIALIZED_AUTOS = YES_AGGRESSIVE;
				GCC_WARN_UNUSED_FUNCTION = YES;
				GCC_WARN_UNUSED_VARIABLE = YES;
				IPHONEOS_DEPLOYMENT_TARGET = 9.3;
				MTL_ENABLE_DEBUG_INFO = NO;
				ONLY_ACTIVE_ARCH = NO;
				PROVISIONING_PROFILE = "";
				SDKROOT = iphoneos;
				VALIDATE_PRODUCT = YES;
			};
			name = Distribution;
		};
		0970FF7B1CFC47EA00AEF0B3 /* Distribution */ = {
			isa = XCBuildConfiguration;
			buildSettings = {
				ASSETCATALOG_COMPILER_APPICON_NAME = AppIcon;
				CODE_SIGN_IDENTITY = "iPhone Developer";
				"CODE_SIGN_IDENTITY[sdk=iphoneos*]" = "iPhone Developer";
				EMBEDDED_CONTENT_CONTAINS_SWIFT = NO;
				ENABLE_BITCODE = YES;
				INFOPLIST_FILE = RYSTARGET/Info.plist;
				LD_RUNPATH_SEARCH_PATHS = "$(inherited) @executable_path/Frameworks";
				PRODUCT_BUNDLE_IDENTIFIER = es.cice.RYSTARGET;
				PRODUCT_NAME = RYSTARGET;
				PROVISIONING_PROFILE = "";
			};
			name = Distribution;
		};
/* End XCBuildConfiguration section */

/* Begin XCConfigurationList section */
		091CAE0C1CF2F06C00B8C01B /* Build configuration list for PBXProject "RYSTARGET" */ = {
			isa = XCConfigurationList;
			buildConfigurations = (
				091CAE211CF2F06C00B8C01B /* Debug */,
				091CAE221CF2F06C00B8C01B /* Release */,
				0970FF7A1CFC47EA00AEF0B3 /* Distribution */,
			);
			defaultConfigurationIsVisible = 0;
			defaultConfigurationName = Release;
		};
		091CAE231CF2F06C00B8C01B /* Build configuration list for PBXNativeTarget "RYSTARGET" */ = {
			isa = XCConfigurationList;
			buildConfigurations = (
				091CAE241CF2F06C00B8C01B /* Debug */,
				091CAE251CF2F06C00B8C01B /* Release */,
				0970FF7B1CFC47EA00AEF0B3 /* Distribution */,
			);
			defaultConfigurationIsVisible = 0;
			defaultConfigurationName = Release;
		};
/* End XCConfigurationList section */
	};
	rootObject = 091CAE091CF2F06C00B8C01B /* Project object */;
}
